
Microsoft Visual Studio Solution File, Format Version 12.00
# Visual Studio Version 17
VisualStudioVersion = 17.8.34330.188
MinimumVisualStudioVersion = 10.0.40219.1
Project("{FAE04EC0-301F-11D3-BF4B-00C04F79EFBC}") = "TicTacToe", "TicTacToe.csproj", "{DA30E27A-13BC-4BDF-B6E7-CC9CC52F01CE}"
EndProject
Global
	GlobalSection(SolutionConfigurationPlatforms) = preSolution
		Debug|Any CPU = Debug|Any CPU
		Release|Any CPU = Release|Any CPU
	EndGlobalSection
	GlobalSection(ProjectConfigurationPlatforms) = postSolution
		{DA30E27A-13BC-4BDF-B6E7-CC9CC52F01CE}.Debug|Any CPU.ActiveCfg = Debug|Any CPU
		{DA30E27A-13BC-4BDF-B6E7-CC9CC52F01CE}.Debug|Any CPU.Build.0 = Debug|Any CPU
		{DA30E27A-13BC-4BDF-B6E7-CC9CC52F01CE}.Release|Any CPU.ActiveCfg = Release|Any CPU
		{DA30E27A-13BC-4BDF-B6E7-CC9CC52F01CE}.Release|Any CPU.Build.0 = Release|Any CPU
	EndGlobalSection
	GlobalSection(SolutionProperties) = preSolution
		HideSolutionNode = FALSE
	EndGlobalSection
	GlobalSection(ExtensibilityGlobals) = postSolution
		SolutionGuid = {92C8FF0F-A634-491B-AACA-3D7D09E30047}
	EndGlobalSection
EndGlobal
